// !$*UTF8*$!
{
	archiveVersion = 1;
	classes = {
	};
	objectVersion = 46;
	objects = {

/* Begin PBXBuildFile section */
		C076499F1D9D22660038018F /* main.m in Sources */ = {isa = PBXBuildFile; fileRef = C076499E1D9D22660038018F /* main.m */; };
		C07649A21D9D22660038018F /* AppDelegate.m in Sources */ = {isa = PBXBuildFile; fileRef = C07649A11D9D22660038018F /* AppDelegate.m */; };
		C07649A51D9D22660038018F /* ViewController.m in Sources */ = {isa = PBXBuildFile; fileRef = C07649A41D9D22660038018F /* ViewController.m */; };
		C07649A81D9D22660038018F /* Main.storyboard in Resources */ = {isa = PBXBuildFile; fileRef = C07649A61D9D22660038018F /* Main.storyboard */; };
		C07649AA1D9D22660038018F /* Assets.xcassets in Resources */ = {isa = PBXBuildFile; fileRef = C07649A91D9D22660038018F /* Assets.xcassets */; };
		C07649AD1D9D22660038018F /* LaunchScreen.storyboard in Resources */ = {isa = PBXBuildFile; fileRef = C07649AB1D9D22660038018F /* LaunchScreen.storyboard */; };
		C07649B81D9D22A60038018F /* Interface.storyboard in Resources */ = {isa = PBXBuildFile; fileRef = C07649B61D9D22A60038018F /* Interface.storyboard */; };
		C07649BA1D9D22A60038018F /* Assets.xcassets in Resources */ = {isa = PBXBuildFile; fileRef = C07649B91D9D22A60038018F /* Assets.xcassets */; };
		C07649C11D9D22A60038018F /* LTMDemo-watchOS Extension.appex in Embed App Extensions */ = {isa = PBXBuildFile; fileRef = C07649C01D9D22A60038018F /* LTMDemo-watchOS Extension.appex */; settings = {ATTRIBUTES = (RemoveHeadersOnCopy, ); }; };
		C07649C91D9D22A60038018F /* InterfaceController.m in Sources */ = {isa = PBXBuildFile; fileRef = C07649C81D9D22A60038018F /* InterfaceController.m */; };
		C07649CC1D9D22A60038018F /* ExtensionDelegate.m in Sources */ = {isa = PBXBuildFile; fileRef = C07649CB1D9D22A60038018F /* ExtensionDelegate.m */; };
		C07649CF1D9D22A60038018F /* NotificationController.m in Sources */ = {isa = PBXBuildFile; fileRef = C07649CE1D9D22A60038018F /* NotificationController.m */; };
		C07649D11D9D22A60038018F /* Assets.xcassets in Resources */ = {isa = PBXBuildFile; fileRef = C07649D01D9D22A60038018F /* Assets.xcassets */; };
		C07649D51D9D22A60038018F /* LTMDemo-watchOS.app in Embed Watch Content */ = {isa = PBXBuildFile; fileRef = C07649B41D9D22A60038018F /* LTMDemo-watchOS.app */; };
		C07649E61D9D22BF0038018F /* main.m in Sources */ = {isa = PBXBuildFile; fileRef = C07649E51D9D22BF0038018F /* main.m */; };
		C07649E91D9D22BF0038018F /* AppDelegate.m in Sources */ = {isa = PBXBuildFile; fileRef = C07649E81D9D22BF0038018F /* AppDelegate.m */; };
		C07649EC1D9D22BF0038018F /* ViewController.m in Sources */ = {isa = PBXBuildFile; fileRef = C07649EB1D9D22BF0038018F /* ViewController.m */; };
		C07649EF1D9D22BF0038018F /* Main.storyboard in Resources */ = {isa = PBXBuildFile; fileRef = C07649ED1D9D22BF0038018F /* Main.storyboard */; };
		C07649F11D9D22BF0038018F /* Assets.xcassets in Resources */ = {isa = PBXBuildFile; fileRef = C07649F01D9D22BF0038018F /* Assets.xcassets */; };
		C07649FE1D9D22D90038018F /* AppDelegate.m in Sources */ = {isa = PBXBuildFile; fileRef = C07649FD1D9D22D90038018F /* AppDelegate.m */; };
		C0764A011D9D22D90038018F /* main.m in Sources */ = {isa = PBXBuildFile; fileRef = C0764A001D9D22D90038018F /* main.m */; };
		C0764A041D9D22D90038018F /* ViewController.m in Sources */ = {isa = PBXBuildFile; fileRef = C0764A031D9D22D90038018F /* ViewController.m */; };
		C0764A061D9D22D90038018F /* Assets.xcassets in Resources */ = {isa = PBXBuildFile; fileRef = C0764A051D9D22D90038018F /* Assets.xcassets */; };
		C0764A091D9D22D90038018F /* Main.storyboard in Resources */ = {isa = PBXBuildFile; fileRef = C0764A071D9D22D90038018F /* Main.storyboard */; };
		C0764A131D9D23330038018F /* LTM.framework in Frameworks */ = {isa = PBXBuildFile; fileRef = C07649841D9D22310038018F /* LTM.framework */; };
		C0764A161D9D23400038018F /* LTM.framework in Frameworks */ = {isa = PBXBuildFile; fileRef = C076498C1D9D22310038018F /* LTM.framework */; };
		C0764A191D9D235C0038018F /* LTM.framework in Frameworks */ = {isa = PBXBuildFile; fileRef = C076498A1D9D22310038018F /* LTM.framework */; };
		C0764A1A1D9D242F0038018F /* LTM.framework in Frameworks */ = {isa = PBXBuildFile; fileRef = C076498E1D9D22310038018F /* LTM.framework */; };
/* End PBXBuildFile section */

/* Begin PBXContainerItemProxy section */
		C07649831D9D22310038018F /* PBXContainerItemProxy */ = {
			isa = PBXContainerItemProxy;
			containerPortal = C07649791D9D22310038018F /* LTM.xcodeproj */;
			proxyType = 2;
			remoteGlobalIDString = C04110021D65CA0E004D6725;
			remoteInfo = LTM;
		};
		C07649851D9D22310038018F /* PBXContainerItemProxy */ = {
			isa = PBXContainerItemProxy;
			containerPortal = C07649791D9D22310038018F /* LTM.xcodeproj */;
			proxyType = 2;
			remoteGlobalIDString = C041100C1D65CA0E004D6725;
			remoteInfo = LTMTests;
		};
		C07649871D9D22310038018F /* PBXContainerItemProxy */ = {
			isa = PBXContainerItemProxy;
			containerPortal = C07649791D9D22310038018F /* LTM.xcodeproj */;
			proxyType = 2;
			remoteGlobalIDString = C0F7B1EA1D9523BE00C6CB37;
			remoteInfo = "LTM-Dynamic";
		};
		C07649891D9D22310038018F /* PBXContainerItemProxy */ = {
			isa = PBXContainerItemProxy;
			containerPortal = C07649791D9D22310038018F /* LTM.xcodeproj */;
			proxyType = 2;
			remoteGlobalIDString = C0F7B1C31D95234F00C6CB37;
			remoteInfo = "LTM-macOS";
		};
		C076498B1D9D22310038018F /* PBXContainerItemProxy */ = {
			isa = PBXContainerItemProxy;
			containerPortal = C07649791D9D22310038018F /* LTM.xcodeproj */;
			proxyType = 2;
			remoteGlobalIDString = C0F7B1D01D95236F00C6CB37;
			remoteInfo = "LTM-tvOS";
		};
		C076498D1D9D22310038018F /* PBXContainerItemProxy */ = {
			isa = PBXContainerItemProxy;
			containerPortal = C07649791D9D22310038018F /* LTM.xcodeproj */;
			proxyType = 2;
			remoteGlobalIDString = C0F7B1DD1D95237C00C6CB37;
			remoteInfo = "LTM-watchOS";
		};
		C07649C21D9D22A60038018F /* PBXContainerItemProxy */ = {
			isa = PBXContainerItemProxy;
			containerPortal = C07649571D9D22250038018F /* Project object */;
			proxyType = 1;
			remoteGlobalIDString = C07649BF1D9D22A60038018F;
			remoteInfo = "LTMDemo-watchOS Extension";
		};
		C07649D31D9D22A60038018F /* PBXContainerItemProxy */ = {
			isa = PBXContainerItemProxy;
			containerPortal = C07649571D9D22250038018F /* Project object */;
			proxyType = 1;
			remoteGlobalIDString = C07649B31D9D22A60038018F;
			remoteInfo = "LTMDemo-watchOS";
		};
		C0764A0E1D9D22ED0038018F /* PBXContainerItemProxy */ = {
			isa = PBXContainerItemProxy;
			containerPortal = C07649791D9D22310038018F /* LTM.xcodeproj */;
			proxyType = 1;
			remoteGlobalIDString = C04110011D65CA0E004D6725;
			remoteInfo = LTM;
		};
		C0764A101D9D23230038018F /* PBXContainerItemProxy */ = {
			isa = PBXContainerItemProxy;
			containerPortal = C07649791D9D22310038018F /* LTM.xcodeproj */;
			proxyType = 1;
			remoteGlobalIDString = C0F7B1DC1D95237C00C6CB37;
			remoteInfo = "LTM-watchOS";
		};
		C0764A141D9D233B0038018F /* PBXContainerItemProxy */ = {
			isa = PBXContainerItemProxy;
			containerPortal = C07649791D9D22310038018F /* LTM.xcodeproj */;
			proxyType = 1;
			remoteGlobalIDString = C0F7B1CF1D95236F00C6CB37;
			remoteInfo = "LTM-tvOS";
		};
		C0764A171D9D23460038018F /* PBXContainerItemProxy */ = {
			isa = PBXContainerItemProxy;
			containerPortal = C07649791D9D22310038018F /* LTM.xcodeproj */;
			proxyType = 1;
			remoteGlobalIDString = C0F7B1C21D95234F00C6CB37;
			remoteInfo = "LTM-macOS";
		};
/* End PBXContainerItemProxy section */

/* Begin PBXCopyFilesBuildPhase section */
		C07649D91D9D22A60038018F /* Embed App Extensions */ = {
			isa = PBXCopyFilesBuildPhase;
			buildActionMask = 2147483647;
			dstPath = "";
			dstSubfolderSpec = 13;
			files = (
				C07649C11D9D22A60038018F /* LTMDemo-watchOS Extension.appex in Embed App Extensions */,
			);
			name = "Embed App Extensions";
			runOnlyForDeploymentPostprocessing = 0;
		};
		C07649DD1D9D22A60038018F /* Embed Watch Content */ = {
			isa = PBXCopyFilesBuildPhase;
			buildActionMask = 2147483647;
			dstPath = "$(CONTENTS_FOLDER_PATH)/Watch";
			dstSubfolderSpec = 16;
			files = (
				C07649D51D9D22A60038018F /* LTMDemo-watchOS.app in Embed Watch Content */,
			);
			name = "Embed Watch Content";
			runOnlyForDeploymentPostprocessing = 0;
		};
/* End PBXCopyFilesBuildPhase section */

/* Begin PBXFileReference section */
		C07649791D9D22310038018F /* LTM.xcodeproj */ = {isa = PBXFileReference; lastKnownFileType = "wrapper.pb-project"; name = LTM.xcodeproj; path = ../../LTM.xcodeproj; sourceTree = "<group>"; };
		C076499B1D9D22660038018F /* LTMDemo-iOS.app */ = {isa = PBXFileReference; explicitFileType = wrapper.application; includeInIndex = 0; path = "LTMDemo-iOS.app"; sourceTree = BUILT_PRODUCTS_DIR; };
		C076499E1D9D22660038018F /* main.m */ = {isa = PBXFileReference; lastKnownFileType = sourcecode.c.objc; path = main.m; sourceTree = "<group>"; };
		C07649A01D9D22660038018F /* AppDelegate.h */ = {isa = PBXFileReference; lastKnownFileType = sourcecode.c.h; path = AppDelegate.h; sourceTree = "<group>"; };
		C07649A11D9D22660038018F /* AppDelegate.m */ = {isa = PBXFileReference; lastKnownFileType = sourcecode.c.objc; path = AppDelegate.m; sourceTree = "<group>"; };
		C07649A31D9D22660038018F /* ViewController.h */ = {isa = PBXFileReference; lastKnownFileType = sourcecode.c.h; path = ViewController.h; sourceTree = "<group>"; };
		C07649A41D9D22660038018F /* ViewController.m */ = {isa = PBXFileReference; lastKnownFileType = sourcecode.c.objc; path = ViewController.m; sourceTree = "<group>"; };
		C07649A71D9D22660038018F /* Base */ = {isa = PBXFileReference; lastKnownFileType = file.storyboard; name = Base; path = Base.lproj/Main.storyboard; sourceTree = "<group>"; };
		C07649A91D9D22660038018F /* Assets.xcassets */ = {isa = PBXFileReference; lastKnownFileType = folder.assetcatalog; path = Assets.xcassets; sourceTree = "<group>"; };
		C07649AC1D9D22660038018F /* Base */ = {isa = PBXFileReference; lastKnownFileType = file.storyboard; name = Base; path = Base.lproj/LaunchScreen.storyboard; sourceTree = "<group>"; };
		C07649AE1D9D22660038018F /* Info.plist */ = {isa = PBXFileReference; lastKnownFileType = text.plist.xml; path = Info.plist; sourceTree = "<group>"; };
		C07649B41D9D22A60038018F /* LTMDemo-watchOS.app */ = {isa = PBXFileReference; explicitFileType = wrapper.application; includeInIndex = 0; path = "LTMDemo-watchOS.app"; sourceTree = BUILT_PRODUCTS_DIR; };
		C07649B71D9D22A60038018F /* Base */ = {isa = PBXFileReference; lastKnownFileType = file.storyboard; name = Base; path = Base.lproj/Interface.storyboard; sourceTree = "<group>"; };
		C07649B91D9D22A60038018F /* Assets.xcassets */ = {isa = PBXFileReference; lastKnownFileType = folder.assetcatalog; path = Assets.xcassets; sourceTree = "<group>"; };
		C07649BB1D9D22A60038018F /* Info.plist */ = {isa = PBXFileReference; lastKnownFileType = text.plist.xml; path = Info.plist; sourceTree = "<group>"; };
		C07649C01D9D22A60038018F /* LTMDemo-watchOS Extension.appex */ = {isa = PBXFileReference; explicitFileType = "wrapper.app-extension"; includeInIndex = 0; path = "LTMDemo-watchOS Extension.appex"; sourceTree = BUILT_PRODUCTS_DIR; };
		C07649C61D9D22A60038018F /* PushNotificationPayload.apns */ = {isa = PBXFileReference; lastKnownFileType = text; path = PushNotificationPayload.apns; sourceTree = "<group>"; };
		C07649C71D9D22A60038018F /* InterfaceController.h */ = {isa = PBXFileReference; lastKnownFileType = sourcecode.c.h; path = InterfaceController.h; sourceTree = "<group>"; };
		C07649C81D9D22A60038018F /* InterfaceController.m */ = {isa = PBXFileReference; lastKnownFileType = sourcecode.c.objc; path = InterfaceController.m; sourceTree = "<group>"; };
		C07649CA1D9D22A60038018F /* ExtensionDelegate.h */ = {isa = PBXFileReference; lastKnownFileType = sourcecode.c.h; path = ExtensionDelegate.h; sourceTree = "<group>"; };
		C07649CB1D9D22A60038018F /* ExtensionDelegate.m */ = {isa = PBXFileReference; lastKnownFileType = sourcecode.c.objc; path = ExtensionDelegate.m; sourceTree = "<group>"; };
		C07649CD1D9D22A60038018F /* NotificationController.h */ = {isa = PBXFileReference; lastKnownFileType = sourcecode.c.h; path = NotificationController.h; sourceTree = "<group>"; };
		C07649CE1D9D22A60038018F /* NotificationController.m */ = {isa = PBXFileReference; lastKnownFileType = sourcecode.c.objc; path = NotificationController.m; sourceTree = "<group>"; };
		C07649D01D9D22A60038018F /* Assets.xcassets */ = {isa = PBXFileReference; lastKnownFileType = folder.assetcatalog; path = Assets.xcassets; sourceTree = "<group>"; };
		C07649D21D9D22A60038018F /* Info.plist */ = {isa = PBXFileReference; lastKnownFileType = text.plist.xml; path = Info.plist; sourceTree = "<group>"; };
		C07649E21D9D22BF0038018F /* LTMDemo-tvOS.app */ = {isa = PBXFileReference; explicitFileType = wrapper.application; includeInIndex = 0; path = "LTMDemo-tvOS.app"; sourceTree = BUILT_PRODUCTS_DIR; };
		C07649E51D9D22BF0038018F /* main.m */ = {isa = PBXFileReference; lastKnownFileType = sourcecode.c.objc; path = main.m; sourceTree = "<group>"; };
		C07649E71D9D22BF0038018F /* AppDelegate.h */ = {isa = PBXFileReference; lastKnownFileType = sourcecode.c.h; path = AppDelegate.h; sourceTree = "<group>"; };
		C07649E81D9D22BF0038018F /* AppDelegate.m */ = {isa = PBXFileReference; lastKnownFileType = sourcecode.c.objc; path = AppDelegate.m; sourceTree = "<group>"; };
		C07649EA1D9D22BF0038018F /* ViewController.h */ = {isa = PBXFileReference; lastKnownFileType = sourcecode.c.h; path = ViewController.h; sourceTree = "<group>"; };
		C07649EB1D9D22BF0038018F /* ViewController.m */ = {isa = PBXFileReference; lastKnownFileType = sourcecode.c.objc; path = ViewController.m; sourceTree = "<group>"; };
		C07649EE1D9D22BF0038018F /* Base */ = {isa = PBXFileReference; lastKnownFileType = file.storyboard; name = Base; path = Base.lproj/Main.storyboard; sourceTree = "<group>"; };
		C07649F01D9D22BF0038018F /* Assets.xcassets */ = {isa = PBXFileReference; lastKnownFileType = folder.assetcatalog; path = Assets.xcassets; sourceTree = "<group>"; };
		C07649F21D9D22BF0038018F /* Info.plist */ = {isa = PBXFileReference; lastKnownFileType = text.plist.xml; path = Info.plist; sourceTree = "<group>"; };
		C07649FA1D9D22D90038018F /* LTMDemo-macOS.app */ = {isa = PBXFileReference; explicitFileType = wrapper.application; includeInIndex = 0; path = "LTMDemo-macOS.app"; sourceTree = BUILT_PRODUCTS_DIR; };
		C07649FC1D9D22D90038018F /* AppDelegate.h */ = {isa = PBXFileReference; lastKnownFileType = sourcecode.c.h; path = AppDelegate.h; sourceTree = "<group>"; };
		C07649FD1D9D22D90038018F /* AppDelegate.m */ = {isa = PBXFileReference; lastKnownFileType = sourcecode.c.objc; path = AppDelegate.m; sourceTree = "<group>"; };
		C0764A001D9D22D90038018F /* main.m */ = {isa = PBXFileReference; lastKnownFileType = sourcecode.c.objc; path = main.m; sourceTree = "<group>"; };
		C0764A021D9D22D90038018F /* ViewController.h */ = {isa = PBXFileReference; lastKnownFileType = sourcecode.c.h; path = ViewController.h; sourceTree = "<group>"; };
		C0764A031D9D22D90038018F /* ViewController.m */ = {isa = PBXFileReference; lastKnownFileType = sourcecode.c.objc; path = ViewController.m; sourceTree = "<group>"; };
		C0764A051D9D22D90038018F /* Assets.xcassets */ = {isa = PBXFileReference; lastKnownFileType = folder.assetcatalog; path = Assets.xcassets; sourceTree = "<group>"; };
		C0764A081D9D22D90038018F /* Base */ = {isa = PBXFileReference; lastKnownFileType = file.storyboard; name = Base; path = Base.lproj/Main.storyboard; sourceTree = "<group>"; };
		C0764A0A1D9D22D90038018F /* Info.plist */ = {isa = PBXFileReference; lastKnownFileType = text.plist.xml; path = Info.plist; sourceTree = "<group>"; };
/* End PBXFileReference section */

/* Begin PBXFrameworksBuildPhase section */
		C07649981D9D22660038018F /* Frameworks */ = {
			isa = PBXFrameworksBuildPhase;
			buildActionMask = 2147483647;
			files = (
				C0764A131D9D23330038018F /* LTM.framework in Frameworks */,
			);
			runOnlyForDeploymentPostprocessing = 0;
		};
		C07649BD1D9D22A60038018F /* Frameworks */ = {
			isa = PBXFrameworksBuildPhase;
			buildActionMask = 2147483647;
			files = (
				C0764A1A1D9D242F0038018F /* LTM.framework in Frameworks */,
			);
			runOnlyForDeploymentPostprocessing = 0;
		};
		C07649DF1D9D22BF0038018F /* Frameworks */ = {
			isa = PBXFrameworksBuildPhase;
			buildActionMask = 2147483647;
			files = (
				C0764A161D9D23400038018F /* LTM.framework in Frameworks */,
			);
			runOnlyForDeploymentPostprocessing = 0;
		};
		C07649F71D9D22D90038018F /* Frameworks */ = {
			isa = PBXFrameworksBuildPhase;
			buildActionMask = 2147483647;
			files = (
				C0764A191D9D235C0038018F /* LTM.framework in Frameworks */,
			);
			runOnlyForDeploymentPostprocessing = 0;
		};
/* End PBXFrameworksBuildPhase section */

/* Begin PBXGroup section */
		C07649561D9D22250038018F = {
			isa = PBXGroup;
			children = (
				C07649791D9D22310038018F /* LTM.xcodeproj */,
				C076499C1D9D22660038018F /* LTMDemo-iOS */,
				C07649B51D9D22A60038018F /* LTMDemo-watchOS */,
				C07649C41D9D22A60038018F /* LTMDemo-watchOS Extension */,
				C07649E31D9D22BF0038018F /* LTMDemo-tvOS */,
				C07649FB1D9D22D90038018F /* LTMDemo-macOS */,
				C07649601D9D22250038018F /* Products */,
			);
			sourceTree = "<group>";
		};
		C07649601D9D22250038018F /* Products */ = {
			isa = PBXGroup;
			children = (
				C076499B1D9D22660038018F /* LTMDemo-iOS.app */,
				C07649B41D9D22A60038018F /* LTMDemo-watchOS.app */,
				C07649C01D9D22A60038018F /* LTMDemo-watchOS Extension.appex */,
				C07649E21D9D22BF0038018F /* LTMDemo-tvOS.app */,
				C07649FA1D9D22D90038018F /* LTMDemo-macOS.app */,
			);
			name = Products;
			sourceTree = "<group>";
		};
		C076497A1D9D22310038018F /* Products */ = {
			isa = PBXGroup;
			children = (
				C07649841D9D22310038018F /* LTM.framework */,
				C07649861D9D22310038018F /* LTMTests.xctest */,
				C07649881D9D22310038018F /* LTM.framework */,
				C076498A1D9D22310038018F /* LTM.framework */,
				C076498C1D9D22310038018F /* LTM.framework */,
				C076498E1D9D22310038018F /* LTM.framework */,
			);
			name = Products;
			sourceTree = "<group>";
		};
		C076499C1D9D22660038018F /* LTMDemo-iOS */ = {
			isa = PBXGroup;
			children = (
				C07649A01D9D22660038018F /* AppDelegate.h */,
				C07649A11D9D22660038018F /* AppDelegate.m */,
				C07649A31D9D22660038018F /* ViewController.h */,
				C07649A41D9D22660038018F /* ViewController.m */,
				C07649A61D9D22660038018F /* Main.storyboard */,
				C07649A91D9D22660038018F /* Assets.xcassets */,
				C07649AB1D9D22660038018F /* LaunchScreen.storyboard */,
				C07649AE1D9D22660038018F /* Info.plist */,
				C076499D1D9D22660038018F /* Supporting Files */,
			);
			path = "LTMDemo-iOS";
			sourceTree = "<group>";
		};
		C076499D1D9D22660038018F /* Supporting Files */ = {
			isa = PBXGroup;
			children = (
				C076499E1D9D22660038018F /* main.m */,
			);
			name = "Supporting Files";
			sourceTree = "<group>";
		};
		C07649B51D9D22A60038018F /* LTMDemo-watchOS */ = {
			isa = PBXGroup;
			children = (
				C07649B61D9D22A60038018F /* Interface.storyboard */,
				C07649B91D9D22A60038018F /* Assets.xcassets */,
				C07649BB1D9D22A60038018F /* Info.plist */,
			);
			path = "LTMDemo-watchOS";
			sourceTree = "<group>";
		};
		C07649C41D9D22A60038018F /* LTMDemo-watchOS Extension */ = {
			isa = PBXGroup;
			children = (
				C07649C71D9D22A60038018F /* InterfaceController.h */,
				C07649C81D9D22A60038018F /* InterfaceController.m */,
				C07649CA1D9D22A60038018F /* ExtensionDelegate.h */,
				C07649CB1D9D22A60038018F /* ExtensionDelegate.m */,
				C07649CD1D9D22A60038018F /* NotificationController.h */,
				C07649CE1D9D22A60038018F /* NotificationController.m */,
				C07649D01D9D22A60038018F /* Assets.xcassets */,
				C07649D21D9D22A60038018F /* Info.plist */,
				C07649C51D9D22A60038018F /* Supporting Files */,
			);
			path = "LTMDemo-watchOS Extension";
			sourceTree = "<group>";
		};
		C07649C51D9D22A60038018F /* Supporting Files */ = {
			isa = PBXGroup;
			children = (
				C07649C61D9D22A60038018F /* PushNotificationPayload.apns */,
			);
			name = "Supporting Files";
			sourceTree = "<group>";
		};
		C07649E31D9D22BF0038018F /* LTMDemo-tvOS */ = {
			isa = PBXGroup;
			children = (
				C07649E71D9D22BF0038018F /* AppDelegate.h */,
				C07649E81D9D22BF0038018F /* AppDelegate.m */,
				C07649EA1D9D22BF0038018F /* ViewController.h */,
				C07649EB1D9D22BF0038018F /* ViewController.m */,
				C07649ED1D9D22BF0038018F /* Main.storyboard */,
				C07649F01D9D22BF0038018F /* Assets.xcassets */,
				C07649F21D9D22BF0038018F /* Info.plist */,
				C07649E41D9D22BF0038018F /* Supporting Files */,
			);
			path = "LTMDemo-tvOS";
			sourceTree = "<group>";
		};
		C07649E41D9D22BF0038018F /* Supporting Files */ = {
			isa = PBXGroup;
			children = (
				C07649E51D9D22BF0038018F /* main.m */,
			);
			name = "Supporting Files";
			sourceTree = "<group>";
		};
		C07649FB1D9D22D90038018F /* LTMDemo-macOS */ = {
			isa = PBXGroup;
			children = (
				C07649FC1D9D22D90038018F /* AppDelegate.h */,
				C07649FD1D9D22D90038018F /* AppDelegate.m */,
				C0764A021D9D22D90038018F /* ViewController.h */,
				C0764A031D9D22D90038018F /* ViewController.m */,
				C0764A051D9D22D90038018F /* Assets.xcassets */,
				C0764A071D9D22D90038018F /* Main.storyboard */,
				C0764A0A1D9D22D90038018F /* Info.plist */,
				C07649FF1D9D22D90038018F /* Supporting Files */,
			);
			path = "LTMDemo-macOS";
			sourceTree = "<group>";
		};
		C07649FF1D9D22D90038018F /* Supporting Files */ = {
			isa = PBXGroup;
			children = (
				C0764A001D9D22D90038018F /* main.m */,
			);
			name = "Supporting Files";
			sourceTree = "<group>";
		};
/* End PBXGroup section */

/* Begin PBXNativeTarget section */
		C076499A1D9D22660038018F /* LTMDemo-iOS */ = {
			isa = PBXNativeTarget;
			buildConfigurationList = C07649AF1D9D22660038018F /* Build configuration list for PBXNativeTarget "LTMDemo-iOS" */;
			buildPhases = (
				C07649971D9D22660038018F /* Sources */,
				C07649981D9D22660038018F /* Frameworks */,
				C07649991D9D22660038018F /* Resources */,
				C07649DD1D9D22A60038018F /* Embed Watch Content */,
			);
			buildRules = (
			);
			dependencies = (
				C0764A0F1D9D22ED0038018F /* PBXTargetDependency */,
				C07649D41D9D22A60038018F /* PBXTargetDependency */,
			);
			name = "LTMDemo-iOS";
			productName = "LTMDemo-iOS";
			productReference = C076499B1D9D22660038018F /* LTMDemo-iOS.app */;
			productType = "com.apple.product-type.application";
		};
		C07649B31D9D22A60038018F /* LTMDemo-watchOS */ = {
			isa = PBXNativeTarget;
			buildConfigurationList = C07649DA1D9D22A60038018F /* Build configuration list for PBXNativeTarget "LTMDemo-watchOS" */;
			buildPhases = (
				C07649B21D9D22A60038018F /* Resources */,
				C07649D91D9D22A60038018F /* Embed App Extensions */,
			);
			buildRules = (
			);
			dependencies = (
				C07649C31D9D22A60038018F /* PBXTargetDependency */,
			);
			name = "LTMDemo-watchOS";
			productName = "LTMDemo-watchOS";
			productReference = C07649B41D9D22A60038018F /* LTMDemo-watchOS.app */;
			productType = "com.apple.product-type.application.watchapp2";
		};
		C07649BF1D9D22A60038018F /* LTMDemo-watchOS Extension */ = {
			isa = PBXNativeTarget;
			buildConfigurationList = C07649D61D9D22A60038018F /* Build configuration list for PBXNativeTarget "LTMDemo-watchOS Extension" */;
			buildPhases = (
				C07649BC1D9D22A60038018F /* Sources */,
				C07649BD1D9D22A60038018F /* Frameworks */,
				C07649BE1D9D22A60038018F /* Resources */,
			);
			buildRules = (
			);
			dependencies = (
				C0764A111D9D23230038018F /* PBXTargetDependency */,
			);
			name = "LTMDemo-watchOS Extension";
			productName = "LTMDemo-watchOS Extension";
			productReference = C07649C01D9D22A60038018F /* LTMDemo-watchOS Extension.appex */;
			productType = "com.apple.product-type.watchkit2-extension";
		};
		C07649E11D9D22BF0038018F /* LTMDemo-tvOS */ = {
			isa = PBXNativeTarget;
			buildConfigurationList = C07649F31D9D22BF0038018F /* Build configuration list for PBXNativeTarget "LTMDemo-tvOS" */;
			buildPhases = (
				C07649DE1D9D22BF0038018F /* Sources */,
				C07649DF1D9D22BF0038018F /* Frameworks */,
				C07649E01D9D22BF0038018F /* Resources */,
			);
			buildRules = (
			);
			dependencies = (
				C0764A151D9D233B0038018F /* PBXTargetDependency */,
			);
			name = "LTMDemo-tvOS";
			productName = "LTMDemo-tvOS";
			productReference = C07649E21D9D22BF0038018F /* LTMDemo-tvOS.app */;
			productType = "com.apple.product-type.application";
		};
		C07649F91D9D22D90038018F /* LTMDemo-macOS */ = {
			isa = PBXNativeTarget;
			buildConfigurationList = C0764A0B1D9D22D90038018F /* Build configuration list for PBXNativeTarget "LTMDemo-macOS" */;
			buildPhases = (
				C07649F61D9D22D90038018F /* Sources */,
				C07649F71D9D22D90038018F /* Frameworks */,
				C07649F81D9D22D90038018F /* Resources */,
			);
			buildRules = (
			);
			dependencies = (
				C0764A181D9D23460038018F /* PBXTargetDependency */,
			);
			name = "LTMDemo-macOS";
			productName = "LTMDemo-macOS";
			productReference = C07649FA1D9D22D90038018F /* LTMDemo-macOS.app */;
			productType = "com.apple.product-type.application";
		};
/* End PBXNativeTarget section */

/* Begin PBXProject section */
		C07649571D9D22250038018F /* Project object */ = {
			isa = PBXProject;
			attributes = {
				LastUpgradeCheck = 0800;
				ORGANIZATIONNAME = "汪潇翔";
				TargetAttributes = {
					C076499A1D9D22660038018F = {
						CreatedOnToolsVersion = 8.0;
						DevelopmentTeam = G497YX6CBT;
						ProvisioningStyle = Automatic;
					};
					C07649B31D9D22A60038018F = {
						CreatedOnToolsVersion = 8.0;
						DevelopmentTeam = G497YX6CBT;
						ProvisioningStyle = Automatic;
					};
					C07649BF1D9D22A60038018F = {
						CreatedOnToolsVersion = 8.0;
						DevelopmentTeam = G497YX6CBT;
						ProvisioningStyle = Automatic;
					};
					C07649E11D9D22BF0038018F = {
						CreatedOnToolsVersion = 8.0;
						DevelopmentTeam = G497YX6CBT;
						ProvisioningStyle = Automatic;
					};
					C07649F91D9D22D90038018F = {
						CreatedOnToolsVersion = 8.0;
						DevelopmentTeam = G497YX6CBT;
						ProvisioningStyle = Automatic;
					};
				};
			};
			buildConfigurationList = C076495A1D9D22250038018F /* Build configuration list for PBXProject "LTMDemo" */;
			compatibilityVersion = "Xcode 3.2";
			developmentRegion = English;
			hasScannedForEncodings = 0;
			knownRegions = (
				en,
				Base,
			);
			mainGroup = C07649561D9D22250038018F;
			productRefGroup = C07649601D9D22250038018F /* Products */;
			projectDirPath = "";
			projectReferences = (
				{
					ProductGroup = C076497A1D9D22310038018F /* Products */;
					ProjectRef = C07649791D9D22310038018F /* LTM.xcodeproj */;
				},
			);
			projectRoot = "";
			targets = (
				C076499A1D9D22660038018F /* LTMDemo-iOS */,
				C07649B31D9D22A60038018F /* LTMDemo-watchOS */,
				C07649BF1D9D22A60038018F /* LTMDemo-watchOS Extension */,
				C07649E11D9D22BF0038018F /* LTMDemo-tvOS */,
				C07649F91D9D22D90038018F /* LTMDemo-macOS */,
			);
		};
/* End PBXProject section */

/* Begin PBXReferenceProxy section */
		C07649841D9D22310038018F /* LTM.framework */ = {
			isa = PBXReferenceProxy;
			fileType = wrapper.framework;
			path = LTM.framework;
			remoteRef = C07649831D9D22310038018F /* PBXContainerItemProxy */;
			sourceTree = BUILT_PRODUCTS_DIR;
		};
		C07649861D9D22310038018F /* LTMTests.xctest */ = {
			isa = PBXReferenceProxy;
			fileType = wrapper.cfbundle;
			path = LTMTests.xctest;
			remoteRef = C07649851D9D22310038018F /* PBXContainerItemProxy */;
			sourceTree = BUILT_PRODUCTS_DIR;
		};
		C07649881D9D22310038018F /* LTM.framework */ = {
			isa = PBXReferenceProxy;
			fileType = wrapper.framework;
			path = LTM.framework;
			remoteRef = C07649871D9D22310038018F /* PBXContainerItemProxy */;
			sourceTree = BUILT_PRODUCTS_DIR;
		};
		C076498A1D9D22310038018F /* LTM.framework */ = {
			isa = PBXReferenceProxy;
			fileType = wrapper.framework;
			path = LTM.framework;
			remoteRef = C07649891D9D22310038018F /* PBXContainerItemProxy */;
			sourceTree = BUILT_PRODUCTS_DIR;
		};
		C076498C1D9D22310038018F /* LTM.framework */ = {
			isa = PBXReferenceProxy;
			fileType = wrapper.framework;
			path = LTM.framework;
			remoteRef = C076498B1D9D22310038018F /* PBXContainerItemProxy */;
			sourceTree = BUILT_PRODUCTS_DIR;
		};
		C076498E1D9D22310038018F /* LTM.framework */ = {
			isa = PBXReferenceProxy;
			fileType = wrapper.framework;
			path = LTM.framework;
			remoteRef = C076498D1D9D22310038018F /* PBXContainerItemProxy */;
			sourceTree = BUILT_PRODUCTS_DIR;
		};
/* End PBXReferenceProxy section */

/* Begin PBXResourcesBuildPhase section */
		C07649991D9D22660038018F /* Resources */ = {
			isa = PBXResourcesBuildPhase;
			buildActionMask = 2147483647;
			files = (
				C07649AD1D9D22660038018F /* LaunchScreen.storyboard in Resources */,
				C07649AA1D9D22660038018F /* Assets.xcassets in Resources */,
				C07649A81D9D22660038018F /* Main.storyboard in Resources */,
			);
			runOnlyForDeploymentPostprocessing = 0;
		};
		C07649B21D9D22A60038018F /* Resources */ = {
			isa = PBXResourcesBuildPhase;
			buildActionMask = 2147483647;
			files = (
				C07649BA1D9D22A60038018F /* Assets.xcassets in Resources */,
				C07649B81D9D22A60038018F /* Interface.storyboard in Resources */,
			);
			runOnlyForDeploymentPostprocessing = 0;
		};
		C07649BE1D9D22A60038018F /* Resources */ = {
			isa = PBXResourcesBuildPhase;
			buildActionMask = 2147483647;
			files = (
				C07649D11D9D22A60038018F /* Assets.xcassets in Resources */,
			);
			runOnlyForDeploymentPostprocessing = 0;
		};
		C07649E01D9D22BF0038018F /* Resources */ = {
			isa = PBXResourcesBuildPhase;
			buildActionMask = 2147483647;
			files = (
				C07649F11D9D22BF0038018F /* Assets.xcassets in Resources */,
				C07649EF1D9D22BF0038018F /* Main.storyboard in Resources */,
			);
			runOnlyForDeploymentPostprocessing = 0;
		};
		C07649F81D9D22D90038018F /* Resources */ = {
			isa = PBXResourcesBuildPhase;
			buildActionMask = 2147483647;
			files = (
				C0764A061D9D22D90038018F /* Assets.xcassets in Resources */,
				C0764A091D9D22D90038018F /* Main.storyboard in Resources */,
			);
			runOnlyForDeploymentPostprocessing = 0;
		};
/* End PBXResourcesBuildPhase section */

/* Begin PBXSourcesBuildPhase section */
		C07649971D9D22660038018F /* Sources */ = {
			isa = PBXSourcesBuildPhase;
			buildActionMask = 2147483647;
			files = (
				C07649A51D9D22660038018F /* ViewController.m in Sources */,
				C07649A21D9D22660038018F /* AppDelegate.m in Sources */,
				C076499F1D9D22660038018F /* main.m in Sources */,
			);
			runOnlyForDeploymentPostprocessing = 0;
		};
		C07649BC1D9D22A60038018F /* Sources */ = {
			isa = PBXSourcesBuildPhase;
			buildActionMask = 2147483647;
			files = (
				C07649CC1D9D22A60038018F /* ExtensionDelegate.m in Sources */,
				C07649C91D9D22A60038018F /* InterfaceController.m in Sources */,
				C07649CF1D9D22A60038018F /* NotificationController.m in Sources */,
			);
			runOnlyForDeploymentPostprocessing = 0;
		};
		C07649DE1D9D22BF0038018F /* Sources */ = {
			isa = PBXSourcesBuildPhase;
			buildActionMask = 2147483647;
			files = (
				C07649EC1D9D22BF0038018F /* ViewController.m in Sources */,
				C07649E91D9D22BF0038018F /* AppDelegate.m in Sources */,
				C07649E61D9D22BF0038018F /* main.m in Sources */,
			);
			runOnlyForDeploymentPostprocessing = 0;
		};
		C07649F61D9D22D90038018F /* Sources */ = {
			isa = PBXSourcesBuildPhase;
			buildActionMask = 2147483647;
			files = (
				C0764A041D9D22D90038018F /* ViewController.m in Sources */,
				C0764A011D9D22D90038018F /* main.m in Sources */,
				C07649FE1D9D22D90038018F /* AppDelegate.m in Sources */,
			);
			runOnlyForDeploymentPostprocessing = 0;
		};
/* End PBXSourcesBuildPhase section */

/* Begin PBXTargetDependency section */
		C07649C31D9D22A60038018F /* PBXTargetDependency */ = {
			isa = PBXTargetDependency;
			target = C07649BF1D9D22A60038018F /* LTMDemo-watchOS Extension */;
			targetProxy = C07649C21D9D22A60038018F /* PBXContainerItemProxy */;
		};
		C07649D41D9D22A60038018F /* PBXTargetDependency */ = {
			isa = PBXTargetDependency;
			target = C07649B31D9D22A60038018F /* LTMDemo-watchOS */;
			targetProxy = C07649D31D9D22A60038018F /* PBXContainerItemProxy */;
		};
		C0764A0F1D9D22ED0038018F /* PBXTargetDependency */ = {
			isa = PBXTargetDependency;
			name = LTM;
			targetProxy = C0764A0E1D9D22ED0038018F /* PBXContainerItemProxy */;
		};
		C0764A111D9D23230038018F /* PBXTargetDependency */ = {
			isa = PBXTargetDependency;
			name = "LTM-watchOS";
			targetProxy = C0764A101D9D23230038018F /* PBXContainerItemProxy */;
		};
		C0764A151D9D233B0038018F /* PBXTargetDependency */ = {
			isa = PBXTargetDependency;
			name = "LTM-tvOS";
			targetProxy = C0764A141D9D233B0038018F /* PBXContainerItemProxy */;
		};
		C0764A181D9D23460038018F /* PBXTargetDependency */ = {
			isa = PBXTargetDependency;
			name = "LTM-macOS";
			targetProxy = C0764A171D9D23460038018F /* PBXContainerItemProxy */;
		};
/* End PBXTargetDependency section */

/* Begin PBXVariantGroup section */
		C07649A61D9D22660038018F /* Main.storyboard */ = {
			isa = PBXVariantGroup;
			children = (
				C07649A71D9D22660038018F /* Base */,
			);
			name = Main.storyboard;
			sourceTree = "<group>";
		};
		C07649AB1D9D22660038018F /* LaunchScreen.storyboard */ = {
			isa = PBXVariantGroup;
			children = (
				C07649AC1D9D22660038018F /* Base */,
			);
			name = LaunchScreen.storyboard;
			sourceTree = "<group>";
		};
		C07649B61D9D22A60038018F /* Interface.storyboard */ = {
			isa = PBXVariantGroup;
			children = (
				C07649B71D9D22A60038018F /* Base */,
			);
			name = Interface.storyboard;
			sourceTree = "<group>";
		};
		C07649ED1D9D22BF0038018F /* Main.storyboard */ = {
			isa = PBXVariantGroup;
			children = (
				C07649EE1D9D22BF0038018F /* Base */,
			);
			name = Main.storyboard;
			sourceTree = "<group>";
		};
		C0764A071D9D22D90038018F /* Main.storyboard */ = {
			isa = PBXVariantGroup;
			children = (
				C0764A081D9D22D90038018F /* Base */,
			);
			name = Main.storyboard;
			sourceTree = "<group>";
		};
/* End PBXVariantGroup section */

/* Begin XCBuildConfiguration section */
		C07649741D9D22250038018F /* Debug */ = {
			isa = XCBuildConfiguration;
			buildSettings = {
				ALWAYS_SEARCH_USER_PATHS = NO;
				CLANG_ANALYZER_NONNULL = YES;
				CLANG_CXX_LANGUAGE_STANDARD = "gnu++0x";
				CLANG_CXX_LIBRARY = "libc++";
				CLANG_ENABLE_MODULES = YES;
				CLANG_ENABLE_OBJC_ARC = YES;
				CLANG_WARN_BOOL_CONVERSION = YES;
				CLANG_WARN_CONSTANT_CONVERSION = YES;
				CLANG_WARN_DIRECT_OBJC_ISA_USAGE = YES_ERROR;
				CLANG_WARN_DOCUMENTATION_COMMENTS = YES;
				CLANG_WARN_EMPTY_BODY = YES;
				CLANG_WARN_ENUM_CONVERSION = YES;
				CLANG_WARN_INFINITE_RECURSION = YES;
				CLANG_WARN_INT_CONVERSION = YES;
				CLANG_WARN_OBJC_ROOT_CLASS = YES_ERROR;
				CLANG_WARN_SUSPICIOUS_MOVES = YES;
				CLANG_WARN_UNREACHABLE_CODE = YES;
				CLANG_WARN__DUPLICATE_METHOD_MATCH = YES;
				"CODE_SIGN_IDENTITY[sdk=iphoneos*]" = "iPhone Developer";
				COPY_PHASE_STRIP = NO;
				DEBUG_INFORMATION_FORMAT = dwarf;
				ENABLE_STRICT_OBJC_MSGSEND = YES;
				ENABLE_TESTABILITY = YES;
				GCC_C_LANGUAGE_STANDARD = gnu99;
				GCC_DYNAMIC_NO_PIC = NO;
				GCC_NO_COMMON_BLOCKS = YES;
				GCC_OPTIMIZATION_LEVEL = 0;
				GCC_PREPROCESSOR_DEFINITIONS = (
					"DEBUG=1",
					"$(inherited)",
				);
				GCC_WARN_64_TO_32_BIT_CONVERSION = YES;
				GCC_WARN_ABOUT_RETURN_TYPE = YES_ERROR;
				GCC_WARN_UNDECLARED_SELECTOR = YES;
				GCC_WARN_UNINITIALIZED_AUTOS = YES_AGGRESSIVE;
				GCC_WARN_UNUSED_FUNCTION = YES;
				GCC_WARN_UNUSED_VARIABLE = YES;
				IPHONEOS_DEPLOYMENT_TARGET = 10.0;
				MTL_ENABLE_DEBUG_INFO = YES;
				ONLY_ACTIVE_ARCH = YES;
				SDKROOT = iphoneos;
				TARGETED_DEVICE_FAMILY = "1,2";
			};
			name = Debug;
		};
		C07649751D9D22250038018F /* Release */ = {
			isa = XCBuildConfiguration;
			buildSettings = {
				ALWAYS_SEARCH_USER_PATHS = NO;
				CLANG_ANALYZER_NONNULL = YES;
				CLANG_CXX_LANGUAGE_STANDARD = "gnu++0x";
				CLANG_CXX_LIBRARY = "libc++";
				CLANG_ENABLE_MODULES = YES;
				CLANG_ENABLE_OBJC_ARC = YES;
				CLANG_WARN_BOOL_CONVERSION = YES;
				CLANG_WARN_CONSTANT_CONVERSION = YES;
				CLANG_WARN_DIRECT_OBJC_ISA_USAGE = YES_ERROR;
				CLANG_WARN_DOCUMENTATION_COMMENTS = YES;
				CLANG_WARN_EMPTY_BODY = YES;
				CLANG_WARN_ENUM_CONVERSION = YES;
				CLANG_WARN_INFINITE_RECURSION = YES;
				CLANG_WARN_INT_CONVERSION = YES;
				CLANG_WARN_OBJC_ROOT_CLASS = YES_ERROR;
				CLANG_WARN_SUSPICIOUS_MOVES = YES;
				CLANG_WARN_UNREACHABLE_CODE = YES;
				CLANG_WARN__DUPLICATE_METHOD_MATCH = YES;
				"CODE_SIGN_IDENTITY[sdk=iphoneos*]" = "iPhone Developer";
				COPY_PHASE_STRIP = NO;
				DEBUG_INFORMATION_FORMAT = "dwarf-with-dsym";
				ENABLE_NS_ASSERTIONS = NO;
				ENABLE_STRICT_OBJC_MSGSEND = YES;
				GCC_C_LANGUAGE_STANDARD = gnu99;
				GCC_NO_COMMON_BLOCKS = YES;
				GCC_WARN_64_TO_32_BIT_CONVERSION = YES;
				GCC_WARN_ABOUT_RETURN_TYPE = YES_ERROR;
				GCC_WARN_UNDECLARED_SELECTOR = YES;
				GCC_WARN_UNINITIALIZED_AUTOS = YES_AGGRESSIVE;
				GCC_WARN_UNUSED_FUNCTION = YES;
				GCC_WARN_UNUSED_VARIABLE = YES;
				IPHONEOS_DEPLOYMENT_TARGET = 10.0;
				MTL_ENABLE_DEBUG_INFO = NO;
				SDKROOT = iphoneos;
				TARGETED_DEVICE_FAMILY = "1,2";
				VALIDATE_PRODUCT = YES;
			};
			name = Release;
		};
		C07649B01D9D22660038018F /* Debug */ = {
			isa = XCBuildConfiguration;
			buildSettings = {
				ASSETCATALOG_COMPILER_APPICON_NAME = AppIcon;
				DEVELOPMENT_TEAM = G497YX6CBT;
				INFOPLIST_FILE = "LTMDemo-iOS/Info.plist";
				IPHONEOS_DEPLOYMENT_TARGET = 8.0;
				LD_RUNPATH_SEARCH_PATHS = "$(inherited) @executable_path/Frameworks";
				PRODUCT_BUNDLE_IDENTIFIER = "com.youku.LTMDemo-iOS";
				PRODUCT_NAME = "$(TARGET_NAME)";
			};
			name = Debug;
		};
		C07649B11D9D22660038018F /* Release */ = {
			isa = XCBuildConfiguration;
			buildSettings = {
				ASSETCATALOG_COMPILER_APPICON_NAME = AppIcon;
				DEVELOPMENT_TEAM = G497YX6CBT;
				INFOPLIST_FILE = "LTMDemo-iOS/Info.plist";
				IPHONEOS_DEPLOYMENT_TARGET = 8.0;
				LD_RUNPATH_SEARCH_PATHS = "$(inherited) @executable_path/Frameworks";
				PRODUCT_BUNDLE_IDENTIFIER = "com.youku.LTMDemo-iOS";
				PRODUCT_NAME = "$(TARGET_NAME)";
			};
			name = Release;
		};
		C07649D71D9D22A60038018F /* Debug */ = {
			isa = XCBuildConfiguration;
			buildSettings = {
				ASSETCATALOG_COMPILER_COMPLICATION_NAME = Complication;
				DEVELOPMENT_TEAM = G497YX6CBT;
				INFOPLIST_FILE = "LTMDemo-watchOS Extension/Info.plist";
				LD_RUNPATH_SEARCH_PATHS = "$(inherited) @executable_path/Frameworks @executable_path/../../Frameworks";
				PRODUCT_BUNDLE_IDENTIFIER = "com.youku.LTMDemo-iOS.watchkitapp.watchkitextension";
				PRODUCT_NAME = "${TARGET_NAME}";
				SDKROOT = watchos;
				SKIP_INSTALL = YES;
				TARGETED_DEVICE_FAMILY = 4;
				WATCHOS_DEPLOYMENT_TARGET = 3.0;
			};
			name = Debug;
		};
		C07649D81D9D22A60038018F /* Release */ = {
			isa = XCBuildConfiguration;
			buildSettings = {
				ASSETCATALOG_COMPILER_COMPLICATION_NAME = Complication;
				DEVELOPMENT_TEAM = G497YX6CBT;
				INFOPLIST_FILE = "LTMDemo-watchOS Extension/Info.plist";
				LD_RUNPATH_SEARCH_PATHS = "$(inherited) @executable_path/Frameworks @executable_path/../../Frameworks";
				PRODUCT_BUNDLE_IDENTIFIER = "com.youku.LTMDemo-iOS.watchkitapp.watchkitextension";
				PRODUCT_NAME = "${TARGET_NAME}";
				SDKROOT = watchos;
				SKIP_INSTALL = YES;
				TARGETED_DEVICE_FAMILY = 4;
				WATCHOS_DEPLOYMENT_TARGET = 3.0;
			};
			name = Release;
		};
		C07649DB1D9D22A60038018F /* Debug */ = {
			isa = XCBuildConfiguration;
			buildSettings = {
				ASSETCATALOG_COMPILER_APPICON_NAME = AppIcon;
				DEVELOPMENT_TEAM = G497YX6CBT;
				IBSC_MODULE = LTMDemo_watchOS_Extension;
				INFOPLIST_FILE = "LTMDemo-watchOS/Info.plist";
				PRODUCT_BUNDLE_IDENTIFIER = "com.youku.LTMDemo-iOS.watchkitapp";
				PRODUCT_NAME = "$(TARGET_NAME)";
				SDKROOT = watchos;
				SKIP_INSTALL = YES;
				TARGETED_DEVICE_FAMILY = 4;
				WATCHOS_DEPLOYMENT_TARGET = 3.0;
			};
			name = Debug;
		};
		C07649DC1D9D22A60038018F /* Release */ = {
			isa = XCBuildConfiguration;
			buildSettings = {
				ASSETCATALOG_COMPILER_APPICON_NAME = AppIcon;
				DEVELOPMENT_TEAM = G497YX6CBT;
				IBSC_MODULE = LTMDemo_watchOS_Extension;
				INFOPLIST_FILE = "LTMDemo-watchOS/Info.plist";
				PRODUCT_BUNDLE_IDENTIFIER = "com.youku.LTMDemo-iOS.watchkitapp";
				PRODUCT_NAME = "$(TARGET_NAME)";
				SDKROOT = watchos;
				SKIP_INSTALL = YES;
				TARGETED_DEVICE_FAMILY = 4;
				WATCHOS_DEPLOYMENT_TARGET = 3.0;
			};
			name = Release;
		};
		C07649F41D9D22BF0038018F /* Debug */ = {
			isa = XCBuildConfiguration;
			buildSettings = {
				ASSETCATALOG_COMPILER_APPICON_NAME = "App Icon & Top Shelf Image";
				ASSETCATALOG_COMPILER_LAUNCHIMAGE_NAME = LaunchImage;
				DEVELOPMENT_TEAM = G497YX6CBT;
				INFOPLIST_FILE = "LTMDemo-tvOS/Info.plist";
				LD_RUNPATH_SEARCH_PATHS = "$(inherited) @executable_path/Frameworks";
				PRODUCT_BUNDLE_IDENTIFIER = "com.youku.LTMDemo-tvOS";
				PRODUCT_NAME = "$(TARGET_NAME)";
				SDKROOT = appletvos;
				TARGETED_DEVICE_FAMILY = 3;
				TVOS_DEPLOYMENT_TARGET = 10.0;
			};
			name = Debug;
		};
		C07649F51D9D22BF0038018F /* Release */ = {
			isa = XCBuildConfiguration;
			buildSettings = {
				ASSETCATALOG_COMPILER_APPICON_NAME = "App Icon & Top Shelf Image";
				ASSETCATALOG_COMPILER_LAUNCHIMAGE_NAME = LaunchImage;
				DEVELOPMENT_TEAM = G497YX6CBT;
				INFOPLIST_FILE = "LTMDemo-tvOS/Info.plist";
				LD_RUNPATH_SEARCH_PATHS = "$(inherited) @executable_path/Frameworks";
				PRODUCT_BUNDLE_IDENTIFIER = "com.youku.LTMDemo-tvOS";
				PRODUCT_NAME = "$(TARGET_NAME)";
				SDKROOT = appletvos;
				TARGETED_DEVICE_FAMILY = 3;
				TVOS_DEPLOYMENT_TARGET = 10.0;
			};
			name = Release;
		};
		C0764A0C1D9D22D90038018F /* Debug */ = {
			isa = XCBuildConfiguration;
			buildSettings = {
				ASSETCATALOG_COMPILER_APPICON_NAME = AppIcon;
				CODE_SIGN_IDENTITY = "-";
				COMBINE_HIDPI_IMAGES = YES;
				DEVELOPMENT_TEAM = G497YX6CBT;
				INFOPLIST_FILE = "LTMDemo-macOS/Info.plist";
				LD_RUNPATH_SEARCH_PATHS = "$(inherited) @executable_path/../Frameworks";
				MACOSX_DEPLOYMENT_TARGET = 10.12;
				PRODUCT_BUNDLE_IDENTIFIER = "com.youku.LTMDemo-macOS";
				PRODUCT_NAME = "$(TARGET_NAME)";
				SDKROOT = macosx;
			};
			name = Debug;
		};
		C0764A0D1D9D22D90038018F /* Release */ = {
			isa = XCBuildConfiguration;
			buildSettings = {
				ASSETCATALOG_COMPILER_APPICON_NAME = AppIcon;
				CODE_SIGN_IDENTITY = "-";
				COMBINE_HIDPI_IMAGES = YES;
				DEVELOPMENT_TEAM = G497YX6CBT;
				INFOPLIST_FILE = "LTMDemo-macOS/Info.plist";
				LD_RUNPATH_SEARCH_PATHS = "$(inherited) @executable_path/../Frameworks";
				MACOSX_DEPLOYMENT_TARGET = 10.12;
				PRODUCT_BUNDLE_IDENTIFIER = "com.youku.LTMDemo-macOS";
				PRODUCT_NAME = "$(TARGET_NAME)";
				SDKROOT = macosx;
			};
			name = Release;
		};
/* End XCBuildConfiguration section */

/* Begin XCConfigurationList section */
		C076495A1D9D22250038018F /* Build configuration list for PBXProject "LTMDemo" */ = {
			isa = XCConfigurationList;
			buildConfigurations = (
				C07649741D9D22250038018F /* Debug */,
				C07649751D9D22250038018F /* Release */,
			);
			defaultConfigurationIsVisible = 0;
			defaultConfigurationName = Release;
		};
		C07649AF1D9D22660038018F /* Build configuration list for PBXNativeTarget "LTMDemo-iOS" */ = {
			isa = XCConfigurationList;
			buildConfigurations = (
				C07649B01D9D22660038018F /* Debug */,
				C07649B11D9D22660038018F /* Release */,
			);
			defaultConfigurationIsVisible = 0;
		};
		C07649D61D9D22A60038018F /* Build configuration list for PBXNativeTarget "LTMDemo-watchOS Extension" */ = {
			isa = XCConfigurationList;
			buildConfigurations = (
				C07649D71D9D22A60038018F /* Debug */,
				C07649D81D9D22A60038018F /* Release */,
			);
			defaultConfigurationIsVisible = 0;
		};
		C07649DA1D9D22A60038018F /* Build configuration list for PBXNativeTarget "LTMDemo-watchOS" */ = {
			isa = XCConfigurationList;
			buildConfigurations = (
				C07649DB1D9D22A60038018F /* Debug */,
				C07649DC1D9D22A60038018F /* Release */,
			);
			defaultConfigurationIsVisible = 0;
		};
		C07649F31D9D22BF0038018F /* Build configuration list for PBXNativeTarget "LTMDemo-tvOS" */ = {
			isa = XCConfigurationList;
			buildConfigurations = (
				C07649F41D9D22BF0038018F /* Debug */,
				C07649F51D9D22BF0038018F /* Release */,
			);
			defaultConfigurationIsVisible = 0;
		};
		C0764A0B1D9D22D90038018F /* Build configuration list for PBXNativeTarget "LTMDemo-macOS" */ = {
			isa = XCConfigurationList;
			buildConfigurations = (
				C0764A0C1D9D22D90038018F /* Debug */,
				C0764A0D1D9D22D90038018F /* Release */,
			);
			defaultConfigurationIsVisible = 0;
		};
/* End XCConfigurationList section */
	};
	rootObject = C07649571D9D22250038018F /* Project object */;
}
